lockfileVersion: '9.0'

settings:
  autoInstallPeers: true
  excludeLinksFromLockfile: false

importers:

  .:
    dependencies:
      '@lens-chain/sdk':
        specifier: ^1.0.3
        version: 1.0.3(viem@2.47.10(typescript@6.0.2)(zod@3.25.76))
      '@lens-chain/storage-client':
        specifier: 1.0.6
        version: 1.0.6
      '@lens-protocol/client':
        specifier: 0.0.0-canary-20250430134539
        version: 0.0.0-canary-20250430134539(@lens-chain/sdk@1.0.3(viem@2.47.10(typescript@6.0.2)(zod@3.25.76)))(typescript@6.0.2)(viem@2.47.10(typescript@6.0.2)(zod@3.25.76))
      '@lens-protocol/metadata':
        specifier: 2.1.0
        version: 2.1.0(typescript@6.0.2)(zod@3.25.76)
      viem:
        specifier: ^2.47.10
        version: 2.47.10(typescript@6.0.2)(zod@3.25.76)
    devDependencies:
      '@types/node':
        specifier: ^22.13.10
        version: 22.19.17

packages:

  '@0no-co/graphql.web@1.2.0':
    resolution: {integrity: sha512-/1iHy9TTr63gE1YcR5idjx8UREz1s0kFhydf3bBLCXyqjhkIc6igAzTOx3zPifCwFR87tsh/4Pa9cNts6d2otw==}
    peerDependencies:
      graphql: ^14.0.0 || ^15.0.0 || ^16.0.0
    peerDependenciesMeta:
      graphql:
        optional: true

  '@0no-co/graphqlsp@1.15.3':
    resolution: {integrity: sha512-rap58Wh1qbRnGpPGwB60P6rvKF6G+mgo1kPeDySWIAcqkGMjuyQdrZPcHS6w7mKOT8i/f1UQmjow6+7vfuEXKw==}
    peerDependencies:
      graphql: ^15.5.0 || ^16.0.0 || ^17.0.0
      typescript: ^5.0.0 || ^6.0.0

  '@adraffy/ens-normalize@1.11.1':
    resolution: {integrity: sha512-nhCBV3quEgesuf7c7KYfperqSS14T8bYuvJ8PcLJp6znkZpFc0AuW4qBtr8eKVyPPe/8RSr7sglCWPU5eaxwKQ==}

  '@gql.tada/cli-utils@1.7.3':
    resolution: {integrity: sha512-3iQY5E/jvv3Lnh6D1Mh7zr+Bb9C/TGk1DHkm+lbIjQBnZAu2m+BcTcr1e3spUt6Aa6HG/xAN2XxpbWw9oZALEg==}
    peerDependencies:
      '@0no-co/graphqlsp': ^1.12.13
      '@gql.tada/svelte-support': 1.0.2
      '@gql.tada/vue-support': 1.0.2
      graphql: ^15.5.0 || ^16.0.0 || ^17.0.0
      typescript: ^5.0.0 || ^6.0.0
    peerDependenciesMeta:
      '@gql.tada/svelte-support':
        optional: true
      '@gql.tada/vue-support':
        optional: true

  '@gql.tada/internal@1.0.9':
    resolution: {integrity: sha512-Bp8yi+kLrzIJ3l5Dfxhz48H4OCH2LCX+pShaPcJgh+oiBt6clrjUKDYNDD3Z78aDQ3+Tyrxe4dd0MfLgpSLPPg==}
    peerDependencies:
      graphql: ^15.5.0 || ^16.0.0 || ^17.0.0
      typescript: ^5.0.0 || ^6.0.0

  '@lens-chain/sdk@1.0.3':
    resolution: {integrity: sha512-ysfCKyhC2CouFQbysnduwKGQU8L6MI1VVBcClMLisKAJAunHFowsBaUp+j8nuQyWmUETpokqpe2Mk0P9bSGhfw==}
    engines: {node: '>=18', pnpm: '>=9.1.2'}
    peerDependencies:
      ethers: ^6.12.1
      viem: ^2.12.0
      zksync-ethers: ^6.7.1
    peerDependenciesMeta:
      ethers:
        optional: true
      viem:
        optional: true
      zksync-ethers:
        optional: true

  '@lens-chain/storage-client@1.0.6':
    resolution: {integrity: sha512-CchjEt3vKAj5RlHd9sWOGFlHZ9WvQm6edHrn0a2BBPXxOZ0gZwbK6aKOSCySEk0gmDvmy7LB6dGdtNLSFzutHg==}

  '@lens-protocol/client@0.0.0-canary-20250430134539':
    resolution: {integrity: sha512-vVG89Fw27FvSKeV9sxr6OzxKqoP1gib7dT0hj17/4pNt0NMPq5tROyCj4OngWXIpH5Z0OpiFBOR73kBZ4USoTg==}
    peerDependencies:
      '@lens-chain/sdk': ^1.0.0
      ethers: ^6.13.4
      viem: ^2.21.53
      zksync-ethers: ^6.15.3
    peerDependenciesMeta:
      '@lens-chain/sdk':
        optional: true
      ethers:
        optional: true
      viem:
        optional: true
      zksync-ethers:
        optional: true

  '@lens-protocol/env@0.0.0-canary-20250430134539':
    resolution: {integrity: sha512-aZqxaeW22tBdz9sc6+7eFHp86sKNzQ1Snabpr9vT4vn8oxlDt6XTQL/Fxhm0e33wQff5/aOirs6iQ7swhTbiZg==}

  '@lens-protocol/graphql@0.0.0-canary-20250430134539':
    resolution: {integrity: sha512-PA7ZMLh5muiwJXP9bQqEReOH6WKWru3cM96E4yLv1c7qBsP7hn0MIu+QrUUUut4lQuQpOYonstMb0Cn4N5Nh5Q==}

  '@lens-protocol/metadata@2.1.0':
    resolution: {integrity: sha512-aQOqs/SFLKgFRQLyyOlZtDqni0LtRzOf0W+zfxtovxOCyjFKkhxRvlw+qLqVlaYM1dS50lDZ+7/uVMQ+PH5wIQ==}
    engines: {node: '>=20'}
    peerDependencies:
      zod: ^3.22.3
    peerDependenciesMeta:
      zod:
        optional: true

  '@lens-protocol/storage@0.0.0-canary-20250430134539':
    resolution: {integrity: sha512-ja1teDhpCqLxwVGngJuTuy32ppKxxW2dr7G9f//vxNgoV93u2BNrcqJ/sEWTskok1gKMgRCpruyLWr4KN+VQog==}

  '@lens-protocol/types@0.0.0-canary-20250430134539':
    resolution: {integrity: sha512-7JtfJpYfSC8P+t3w2lzaSgXbH1IvQpo/pxunnztl9TktIqHbnkxiRHKLWffvOqVo3JpLVb3Cye1/nLhV7ENSQA==}

  '@noble/ciphers@1.3.0':
    resolution: {integrity: sha512-2I0gnIVPtfnMw9ee9h1dJG7tp81+8Ob3OJb3Mv37rx5L40/b0i7djjCVvGOVqc9AEIQyvyu1i6ypKdFw8R8gQw==}
    engines: {node: ^14.21.3 || >=16}

  '@noble/curves@1.9.1':
    resolution: {integrity: sha512-k11yZxZg+t+gWvBbIswW0yoJlu8cHOC7dhunwOzoWH/mXGBiYyR4YY6hAEK/3EUs4UpB8la1RfdRpeGsFHkWsA==}
    engines: {node: ^14.21.3 || >=16}

  '@noble/hashes@1.8.0':
    resolution: {integrity: sha512-jCs9ldd7NwzpgXDIf6P3+NrHh9/sD6CQdxHyjQI+h/6rDNo88ypBxxz45UDuZHz9r3tNz7N/VInSVoVdtXEI4A==}
    engines: {node: ^14.21.3 || >=16}

  '@rollup/rollup-linux-x64-gnu@4.60.1':
    resolution: {integrity: sha512-77PpsFQUCOiZR9+LQEFg9GClyfkNXj1MP6wRnzYs0EeWbPcHs02AXu4xuUbM1zhwn3wqaizle3AEYg5aeoohhg==}
    cpu: [x64]
    os: [linux]

  '@scure/base@1.2.6':
    resolution: {integrity: sha512-g/nm5FgUa//MCj1gV09zTJTaM6KBAHqLN907YVQqf7zC49+DcO4B1so4ZX07Ef10Twr6nuqYEH9GEggFXA4Fmg==}

  '@scure/bip32@1.7.0':
    resolution: {integrity: sha512-E4FFX/N3f4B80AKWp5dP6ow+flD1LQZo/w8UnLGYZO674jS6YnYeepycOOksv+vLPSpgN35wgKgy+ybfTb2SMw==}

  '@scure/bip39@1.6.0':
    resolution: {integrity: sha512-+lF0BbLiJNwVlev4eKelw1WWLaiKXw7sSl8T6FvBlWkdX+94aGJ4o8XjUdlyhTCjd8c+B3KT3JfS8P0bLRNU6A==}

  '@types/node@22.19.17':
    resolution: {integrity: sha512-wGdMcf+vPYM6jikpS/qhg6WiqSV/OhG+jeeHT/KlVqxYfD40iYJf9/AE1uQxVWFvU7MipKRkRv8NSHiCGgPr8Q==}

  '@urql/core@5.2.0':
    resolution: {integrity: sha512-/n0ieD0mvvDnVAXEQgX/7qJiVcvYvNkOHeBvkwtylfjydar123caCXcl58PXFY11oU1oquJocVXHxLAbtv4x1A==}

  '@urql/exchange-auth@2.2.1':
    resolution: {integrity: sha512-n4xUxxjvY36GJh539sLaPFyvFzreADOv8EFQdTiXOCIRVoXXhWVVI7DjY/HNtLICfbg1+UlbvQ7sNkwaBouDHg==}
    peerDependencies:
      '@urql/core': ^5.0.0

  abitype@1.2.3:
    resolution: {integrity: sha512-Ofer5QUnuUdTFsBRwARMoWKOH1ND5ehwYhJ3OJ/BQO+StkwQjHw0XyVh4vDttzHB7QOFhPHa/o413PJ82gU/Tg==}
    peerDependencies:
      typescript: '>=5.0.4'
      zod: ^3.22.0 || ^4.0.0
    peerDependenciesMeta:
      typescript:
        optional: true
      zod:
        optional: true

  call-bind-apply-helpers@1.0.2:
    resolution: {integrity: sha512-Sp1ablJ0ivDkSzjcaJdxEunN5/XvksFJ2sMBFfq6x0ryhQV/2b/KwFe21cMpmHtPOSij8K99/wSfoEuTObmuMQ==}
    engines: {node: '>= 0.4'}

  call-bind@1.0.8:
    resolution: {integrity: sha512-oKlSFMcMwpUg2ednkhQ454wfWiU/ul3CkJe/PEHcTKuiX6RpbehUiFMXu13HalGZxfUwCQzZG747YXBn1im9ww==}
    engines: {node: '>= 0.4'}

  call-bound@1.0.4:
    resolution: {integrity: sha512-+ys997U96po4Kx/ABpBCqhA9EuxJaQWDQg7295H4hBphv3IZg0boBKuwYpt4YXp6MZ5AmZQnU/tyMTlRpaSejg==}
    engines: {node: '>= 0.4'}

  define-data-property@1.1.4:
    resolution: {integrity: sha512-rBMvIzlpA8v6E+SJZoo++HAYqsLrkg7MSfIinMPFhmkorw7X+dOXVJQs+QT69zGkzMyfDnIMN2Wid1+NbL3T+A==}
    engines: {node: '>= 0.4'}

  dunder-proto@1.0.1:
    resolution: {integrity: sha512-KIN/nDJBQRcXw0MLVhZE9iQHmG68qAVIBg9CqmUYjmQIhgij9U5MFvrqkUL5FbtyyzZuOeOt0zdeRe4UY7ct+A==}
    engines: {node: '>= 0.4'}

  es-define-property@1.0.1:
    resolution: {integrity: sha512-e3nRfgfUZ4rNGL232gUgX06QNyyez04KdjFrF+LTRoOXmrOgFKDg4BCdsjW8EnT69eqdYGmRpJwiPVYNrCaW3g==}
    engines: {node: '>= 0.4'}

  es-errors@1.3.0:
    resolution: {integrity: sha512-Zf5H2Kxt2xjTvbJvP2ZWLEICxA6j+hAmMzIlypy4xcBg1vKVnx89Wy0GbS+kf5cwCVFFzdCFh2XSCFNULS6csw==}
    engines: {node: '>= 0.4'}

  es-object-atoms@1.1.1:
    resolution: {integrity: sha512-FGgH2h8zKNim9ljj7dankFPcICIK9Cp5bm+c2gQSYePhpaG5+esrLODihIorn+Pe6FGJzWhXQotPv73jTaldXA==}
    engines: {node: '>= 0.4'}

  eventemitter3@5.0.1:
    resolution: {integrity: sha512-GWkBvjiSZK87ELrYOSESUYeVIc9mvLLf/nXalMOS5dYrgZq9o5OVkbZAVM06CVxYsCwH9BDZFPlQTlPA1j4ahA==}

  function-bind@1.1.2:
    resolution: {integrity: sha512-7XHNxH7qX9xG5mIwxkhumTox/MIRNcOgDrxWsMt2pAr23WHp6MrRlN7FBSFpCpr+oVO0F744iUgR82nJMfG2SA==}

  get-intrinsic@1.3.0:
    resolution: {integrity: sha512-9fSjSaos/fRIVIp+xSJlE6lfwhES7LNtKaCBIamHsjr2na1BiABJPo0mOjjz8GJDURarmCPGqaiVg5mfjb98CQ==}
    engines: {node: '>= 0.4'}

  get-proto@1.0.1:
    resolution: {integrity: sha512-sTSfBjoXBp89JvIKIefqw7U2CCebsc74kiY6awiGogKtoSGbgjYE/G/+l9sF3MWFPNc9IcoOC4ODfKHfxFmp0g==}
    engines: {node: '>= 0.4'}

  gopd@1.2.0:
    resolution: {integrity: sha512-ZUKRh6/kUFoAiTAtTYPZJ3hw9wNxx+BIBOijnlG9PnrJsCcSjs1wyyD6vJpaYtgnzDrKYRSqf3OO6Rfa93xsRg==}
    engines: {node: '>= 0.4'}

  gql.tada@1.9.2:
    resolution: {integrity: sha512-QxRHVpxtrOVdYXz6oavq0lBM+Zdp0swapLGJcD4SLpXDcsD337BHDFrzqqjfkbepv0sSAiO0LGabu1kI5D5Gyg==}
    hasBin: true
    peerDependencies:
      typescript: ^5.0.0 || ^6.0.0

  graphql@16.13.2:
    resolution: {integrity: sha512-5bJ+nf/UCpAjHM8i06fl7eLyVC9iuNAjm9qzkiu2ZGhM0VscSvS6WDPfAwkdkBuoXGM9FJSbKl6wylMwP9Ktig==}
    engines: {node: ^12.22.0 || ^14.16.0 || ^16.0.0 || >=17.0.0}

  has-property-descriptors@1.0.2:
    resolution: {integrity: sha512-55JNKuIW+vq4Ke1BjOTjM2YctQIvCT7GFzHwmfZPGo5wnrgkid0YQtnAleFSqumZm4az3n2BS+erby5ipJdgrg==}

  has-symbols@1.1.0:
    resolution: {integrity: sha512-1cDNdwJ2Jaohmb3sg4OmKaMBwuC48sYni5HUw2DvsC8LjGTLK9h+eb1X6RyuOHe4hT0ULCW68iomhjUoKUqlPQ==}
    engines: {node: '>= 0.4'}

  hasown@2.0.2:
    resolution: {integrity: sha512-0hJU9SCPvmMzIBdZFqNPXWa6dqh7WdH0cII9y+CyS8rG3nL48Bclra9HmKhVVUHyPWNH5Y7xDwAB7bfgSjkUMQ==}
    engines: {node: '>= 0.4'}

  isarray@2.0.5:
    resolution: {integrity: sha512-xHjhDr3cNBK0BzdUJSPXZntQUx/mwMS5Rw4A7lPJ90XGAO6ISP/ePDNuo0vhqOZU+UD5JoodwCAAoZQd3FeAKw==}

  isows@1.0.7:
    resolution: {integrity: sha512-I1fSfDCZL5P0v33sVqeTDSpcstAg/N+wF5HS033mogOVIp4B+oHC7oOCsA3axAbBSGTJ8QubbNmnIRN/h8U7hg==}
    peerDependencies:
      ws: '*'

  json-stable-stringify@1.3.0:
    resolution: {integrity: sha512-qtYiSSFlwot9XHtF9bD9c7rwKjr+RecWT//ZnPvSmEjpV5mmPOCN4j8UjY5hbjNkOwZ/jQv3J6R1/pL7RwgMsg==}
    engines: {node: '>= 0.4'}

  jsonify@0.0.1:
    resolution: {integrity: sha512-2/Ki0GcmuqSrgFyelQq9M05y7PS0mEwuIzrf3f1fPqkVDVRvZrPZtVSMHxdgo8Aq0sxAOb/cr2aqqA3LeWHVPg==}

  jwt-decode@4.0.0:
    resolution: {integrity: sha512-+KJGIyHgkGuIq3IEBNftfhW/LfWhXUIY6OmyVWjliu5KH1y0fw7VQ8YndE2O4qZdMSd9SqbnC8GOcZEy0Om7sA==}
    engines: {node: '>=18'}

  math-intrinsics@1.1.0:
    resolution: {integrity: sha512-/IXtbwEk5HTPyEwyKX6hGkYXxM9nbj64B+ilVJnC/R6B0pH5G4V3b0pVbL7DBj4tkhBAppbQUlf6F6Xl9LHu1g==}
    engines: {node: '>= 0.4'}

  neverthrow@8.2.0:
    resolution: {integrity: sha512-kOCT/1MCPAxY5iUV3wytNFUMUolzuwd/VF/1KCx7kf6CutrOsTie+84zTGTpgQycjvfLdBBdvBvFLqFD2c0wkQ==}
    engines: {node: '>=18'}

  object-keys@1.1.1:
    resolution: {integrity: sha512-NuAESUOUMrlIXOfHKzD6bpPu3tYt3xvjNdRIQ+FeT0lNb4K8WR70CaDxhuNguS2XG+GjkyMwOzsN5ZktImfhLA==}
    engines: {node: '>= 0.4'}

  ox@0.14.7:
    resolution: {integrity: sha512-zSQ/cfBdolj7U4++NAvH7sI+VG0T3pEohITCgcQj8KlawvTDY4vGVhDT64Atsm0d6adWfIYHDpu88iUBMMp+AQ==}
    peerDependencies:
      typescript: '>=5.4.0'
    peerDependenciesMeta:
      typescript:
        optional: true

  set-function-length@1.2.2:
    resolution: {integrity: sha512-pgRc4hJ4/sNjWCSS9AmnS40x3bNMDTknHgL5UaMBTMyJnU90EgWh1Rz+MC9eFu4BuN/UwZjKQuY/1v3rM7HMfg==}
    engines: {node: '>= 0.4'}

  type-fest@4.41.0:
    resolution: {integrity: sha512-TeTSQ6H5YHvpqVwBRcnLDCBnDOHWYu7IvGbHT6N8AOymcr9PJGjc1GTtiWZTYg0NCgYwvnYWEkVChQAr9bjfwA==}
    engines: {node: '>=16'}

  typescript@6.0.2:
    resolution: {integrity: sha512-bGdAIrZ0wiGDo5l8c++HWtbaNCWTS4UTv7RaTH/ThVIgjkveJt83m74bBHMJkuCbslY8ixgLBVZJIOiQlQTjfQ==}
    engines: {node: '>=14.17'}
    hasBin: true

  undici-types@6.21.0:
    resolution: {integrity: sha512-iwDZqg0QAGrg9Rav5H4n0M64c3mkR59cJ6wQp+7C4nI0gsmExaedaYLNO44eT4AtBBwjbTiGPMlt2Md0T9H9JQ==}

  uuid@9.0.1:
    resolution: {integrity: sha512-b+1eJOlsR9K8HJpow9Ok3fiWOWSIcIzXodvv0rQjVoOVNpWMpxf1wZNpt4y9h10odCNrqnYp1OBzRktckBe3sA==}
    hasBin: true

  viem@2.47.10:
    resolution: {integrity: sha512-D+l6SDDZWB5bh8u9hgICzMX2/egMrgEQ+Pef/QkZgmOl6bOTyCQMSgWAH8jZTWJ/218J9QNv7s/9BH6Wu5oPDg==}
    peerDependencies:
      typescript: '>=5.0.4'
    peerDependenciesMeta:
      typescript:
        optional: true

  wonka@6.3.6:
    resolution: {integrity: sha512-MXH+6mDHAZ2GuMpgKS055FR6v0xVP3XwquxIMYXgiW+FejHQlMGlvVRZT4qMCxR+bEo/FCtIdKxwej9WV3YQag==}

  ws@8.18.3:
    resolution: {integrity: sha512-PEIGCY5tSlUt50cqyMXfCzX+oOPqN0vuGqWzbcJ2xvnkzkq46oOpz7dQaTDBdfICb4N14+GARUDw2XV2N4tvzg==}
    engines: {node: '>=10.0.0'}
    peerDependencies:
      bufferutil: ^4.0.1
      utf-8-validate: '>=5.0.2'
    peerDependenciesMeta:
      bufferutil:
        optional: true
      utf-8-validate:
        optional: true

  zod@3.25.76:
    resolution: {integrity: sha512-gzUt/qt81nXsFGKIFcC3YnfEAx5NkunCfnDlvuBSSFS02bcXu4Lmea0AFIUwbLWxWPx3d9p8S5QoaujKcNQxcQ==}

snapshots:

  '@0no-co/graphql.web@1.2.0(graphql@16.13.2)':
    optionalDependencies:
      graphql: 16.13.2

  '@0no-co/graphqlsp@1.15.3(graphql@16.13.2)(typescript@6.0.2)':
    dependencies:
      '@gql.tada/internal': 1.0.9(graphql@16.13.2)(typescript@6.0.2)
      graphql: 16.13.2
      typescript: 6.0.2

  '@adraffy/ens-normalize@1.11.1': {}

  '@gql.tada/cli-utils@1.7.3(@0no-co/graphqlsp@1.15.3(graphql@16.13.2)(typescript@6.0.2))(graphql@16.13.2)(typescript@6.0.2)':
    dependencies:
      '@0no-co/graphqlsp': 1.15.3(graphql@16.13.2)(typescript@6.0.2)
      '@gql.tada/internal': 1.0.9(graphql@16.13.2)(typescript@6.0.2)
      graphql: 16.13.2
      typescript: 6.0.2

  '@gql.tada/internal@1.0.9(graphql@16.13.2)(typescript@6.0.2)':
    dependencies:
      '@0no-co/graphql.web': 1.2.0(graphql@16.13.2)
      graphql: 16.13.2
      typescript: 6.0.2

  '@lens-chain/sdk@1.0.3(viem@2.47.10(typescript@6.0.2)(zod@3.25.76))':
    optionalDependencies:
      viem: 2.47.10(typescript@6.0.2)(zod@3.25.76)

  '@lens-chain/storage-client@1.0.6': {}

  '@lens-protocol/client@0.0.0-canary-20250430134539(@lens-chain/sdk@1.0.3(viem@2.47.10(typescript@6.0.2)(zod@3.25.76)))(typescript@6.0.2)(viem@2.47.10(typescript@6.0.2)(zod@3.25.76))':
    dependencies:
      '@lens-protocol/env': 0.0.0-canary-20250430134539
      '@lens-protocol/graphql': 0.0.0-canary-20250430134539(typescript@6.0.2)
      '@lens-protocol/storage': 0.0.0-canary-20250430134539
      '@lens-protocol/types': 0.0.0-canary-20250430134539
      '@urql/core': 5.2.0(graphql@16.13.2)
      '@urql/exchange-auth': 2.2.1(@urql/core@5.2.0(graphql@16.13.2))
      graphql: 16.13.2
      jwt-decode: 4.0.0
    optionalDependencies:
      '@lens-chain/sdk': 1.0.3(viem@2.47.10(typescript@6.0.2)(zod@3.25.76))
      viem: 2.47.10(typescript@6.0.2)(zod@3.25.76)
    transitivePeerDependencies:
      - '@gql.tada/svelte-support'
      - '@gql.tada/vue-support'
      - typescript

  '@lens-protocol/env@0.0.0-canary-20250430134539':
    dependencies:
      '@lens-protocol/types': 0.0.0-canary-20250430134539

  '@lens-protocol/graphql@0.0.0-canary-20250430134539(typescript@6.0.2)':
    dependencies:
      '@lens-protocol/types': 0.0.0-canary-20250430134539
      gql.tada: 1.9.2(graphql@16.13.2)(typescript@6.0.2)
      graphql: 16.13.2
      type-fest: 4.41.0
    transitivePeerDependencies:
      - '@gql.tada/svelte-support'
      - '@gql.tada/vue-support'
      - typescript

  '@lens-protocol/metadata@2.1.0(typescript@6.0.2)(zod@3.25.76)':
    dependencies:
      abitype: 1.2.3(typescript@6.0.2)(zod@3.25.76)
      json-stable-stringify: 1.3.0
      uuid: 9.0.1
    optionalDependencies:
      zod: 3.25.76
    transitivePeerDependencies:
      - typescript

  '@lens-protocol/storage@0.0.0-canary-20250430134539':
    dependencies:
      '@lens-protocol/types': 0.0.0-canary-20250430134539
      zod: 3.25.76

  '@lens-protocol/types@0.0.0-canary-20250430134539':
    dependencies:
      neverthrow: 8.2.0
      type-fest: 4.41.0

  '@noble/ciphers@1.3.0': {}

  '@noble/curves@1.9.1':
    dependencies:
      '@noble/hashes': 1.8.0

  '@noble/hashes@1.8.0': {}

  '@rollup/rollup-linux-x64-gnu@4.60.1':
    optional: true

  '@scure/base@1.2.6': {}

  '@scure/bip32@1.7.0':
    dependencies:
      '@noble/curves': 1.9.1
      '@noble/hashes': 1.8.0
      '@scure/base': 1.2.6

  '@scure/bip39@1.6.0':
    dependencies:
      '@noble/hashes': 1.8.0
      '@scure/base': 1.2.6

  '@types/node@22.19.17':
    dependencies:
      undici-types: 6.21.0

  '@urql/core@5.2.0(graphql@16.13.2)':
    dependencies:
      '@0no-co/graphql.web': 1.2.0(graphql@16.13.2)
      wonka: 6.3.6
    transitivePeerDependencies:
      - graphql

  '@urql/exchange-auth@2.2.1(@urql/core@5.2.0(graphql@16.13.2))':
    dependencies:
      '@urql/core': 5.2.0(graphql@16.13.2)
      wonka: 6.3.6

  abitype@1.2.3(typescript@6.0.2)(zod@3.25.76):
    optionalDependencies:
      typescript: 6.0.2
      zod: 3.25.76

  call-bind-apply-helpers@1.0.2:
    dependencies:
      es-errors: 1.3.0
      function-bind: 1.1.2

  call-bind@1.0.8:
    dependencies:
      call-bind-apply-helpers: 1.0.2
      es-define-property: 1.0.1
      get-intrinsic: 1.3.0
      set-function-length: 1.2.2

  call-bound@1.0.4:
    dependencies:
      call-bind-apply-helpers: 1.0.2
      get-intrinsic: 1.3.0

  define-data-property@1.1.4:
    dependencies:
      es-define-property: 1.0.1
      es-errors: 1.3.0
      gopd: 1.2.0

  dunder-proto@1.0.1:
    dependencies:
      call-bind-apply-helpers: 1.0.2
      es-errors: 1.3.0
      gopd: 1.2.0

  es-define-property@1.0.1: {}

  es-errors@1.3.0: {}

  es-object-atoms@1.1.1:
    dependencies:
      es-errors: 1.3.0

  eventemitter3@5.0.1: {}

  function-bind@1.1.2: {}

  get-intrinsic@1.3.0:
    dependencies:
      call-bind-apply-helpers: 1.0.2
      es-define-property: 1.0.1
      es-errors: 1.3.0
      es-object-atoms: 1.1.1
      function-bind: 1.1.2
      get-proto: 1.0.1
      gopd: 1.2.0
      has-symbols: 1.1.0
      hasown: 2.0.2
      math-intrinsics: 1.1.0

  get-proto@1.0.1:
    dependencies:
      dunder-proto: 1.0.1
      es-object-atoms: 1.1.1

  gopd@1.2.0: {}

  gql.tada@1.9.2(graphql@16.13.2)(typescript@6.0.2):
    dependencies:
      '@0no-co/graphql.web': 1.2.0(graphql@16.13.2)
      '@0no-co/graphqlsp': 1.15.3(graphql@16.13.2)(typescript@6.0.2)
      '@gql.tada/cli-utils': 1.7.3(@0no-co/graphqlsp@1.15.3(graphql@16.13.2)(typescript@6.0.2))(graphql@16.13.2)(typescript@6.0.2)
      '@gql.tada/internal': 1.0.9(graphql@16.13.2)(typescript@6.0.2)
      typescript: 6.0.2
    transitivePeerDependencies:
      - '@gql.tada/svelte-support'
      - '@gql.tada/vue-support'
      - graphql

  graphql@16.13.2: {}

  has-property-descriptors@1.0.2:
    dependencies:
      es-define-property: 1.0.1

  has-symbols@1.1.0: {}

  hasown@2.0.2:
    dependencies:
      function-bind: 1.1.2

  isarray@2.0.5: {}

  isows@1.0.7(ws@8.18.3):
    dependencies:
      ws: 8.18.3

  json-stable-stringify@1.3.0:
    dependencies:
      call-bind: 1.0.8
      call-bound: 1.0.4
      isarray: 2.0.5
      jsonify: 0.0.1
      object-keys: 1.1.1

  jsonify@0.0.1: {}

  jwt-decode@4.0.0: {}

  math-intrinsics@1.1.0: {}

  neverthrow@8.2.0:
    optionalDependencies:
      '@rollup/rollup-linux-x64-gnu': 4.60.1

  object-keys@1.1.1: {}

  ox@0.14.7(typescript@6.0.2)(zod@3.25.76):
    dependencies:
      '@adraffy/ens-normalize': 1.11.1
      '@noble/ciphers': 1.3.0
      '@noble/curves': 1.9.1
      '@noble/hashes': 1.8.0
      '@scure/bip32': 1.7.0
      '@scure/bip39': 1.6.0
      abitype: 1.2.3(typescript@6.0.2)(zod@3.25.76)
      eventemitter3: 5.0.1
    optionalDependencies:
      typescript: 6.0.2
    transitivePeerDependencies:
      - zod

  set-function-length@1.2.2:
    dependencies:
      define-data-property: 1.1.4
      es-errors: 1.3.0
      function-bind: 1.1.2
      get-intrinsic: 1.3.0
      gopd: 1.2.0
      has-property-descriptors: 1.0.2

  type-fest@4.41.0: {}

  typescript@6.0.2: {}

  undici-types@6.21.0: {}

  uuid@9.0.1: {}

  viem@2.47.10(typescript@6.0.2)(zod@3.25.76):
    dependencies:
      '@noble/curves': 1.9.1
      '@noble/hashes': 1.8.0
      '@scure/bip32': 1.7.0
      '@scure/bip39': 1.6.0
      abitype: 1.2.3(typescript@6.0.2)(zod@3.25.76)
      isows: 1.0.7(ws@8.18.3)
      ox: 0.14.7(typescript@6.0.2)(zod@3.25.76)
      ws: 8.18.3
    optionalDependencies:
      typescript: 6.0.2
    transitivePeerDependencies:
      - bufferutil
      - utf-8-validate
      - zod

  wonka@6.3.6: {}

  ws@8.18.3: {}

  zod@3.25.76: {}
